hash: 1a183c552e96aade967e946ac534aeabc779d4b0d1c32cbff7df7e27d368d48b
updated: 2019-01-10T11:25:36.114909-05:00
imports:
- name: github.com/alecthomas/template
  version: a0175ee3bccc567396460bf5acd36800cb10c49c
  subpackages:
  - parse
- name: github.com/alecthomas/units
  version: 2efee857e7cfd4f3d0138cc3cbb1b4966962b93a
- name: github.com/aokoli/goutils
  version: 41ac8693c5c10a92ea1ff5ac3a7f95646f6123b0
- name: github.com/coveo/gotemplate
  version: 1213ee7e12b804043ac7e571713037aca4d38e72
  subpackages:
  - collections
  - collections/implementation
  - errors
  - hcl
  - json
  - utils
  - yaml
- name: github.com/drhodes/goLorem
  version: ecccc744c2d953a1e13cbe5e5fc5d4cbc9b8daeb
- name: github.com/fatih/color
  version: 3f9d52f7176a6927daacff70a3e8d1dc2025c53e
- name: github.com/go-errors/errors
  version: d98b870cc4e05f1545532a80e9909be8216095b6
- name: github.com/google/uuid
  version: 064e2069ce9c359c118179501254f67d7d37ba24
- name: github.com/hashicorp/hcl
  version: 65a6292f0157eff210d03ed1bf6c59b190b8b906
  subpackages:
  - hcl/ast
  - hcl/parser
  - hcl/scanner
  - hcl/strconv
  - hcl/token
  - json/parser
  - json/scanner
  - json/token
- name: github.com/huandu/xstrings
  version: f02667b379e2fb5916c3cda2cf31e0eb885d79f8
- name: github.com/imdario/mergo
  version: 7fe0c75c13abdee74b09fcacef5ea1c6bba6a874
- name: github.com/Masterminds/semver
  version: 59c29afe1a994eacb71c833025ca7acf874bb1da
- name: github.com/Masterminds/sprig
  version: 544a9b1d90f323f6509491b389714fbbd126bee3
- name: github.com/mattn/go-colorable
  version: efa589957cd060542a26d2dd7832fd6a6c6c3ade
- name: github.com/mattn/go-isatty
  version: 3fb116b820352b7f0c281308a4d6250c22d94e27
- name: github.com/mattn/go-runewidth
  version: 703b5e6b11ae25aeb2af9ebb5d5fdf8fa2575211
- name: github.com/olekukonko/tablewriter
  version: e6d60cf7ba1f42d86d54cdf5508611c4aafb3970
- name: golang.org/x/crypto
  version: ff983b9c42bc9fbf91556e191cc8efb585c16908
  subpackages:
  - pbkdf2
  - scrypt
- name: golang.org/x/sys
  version: 48ac38b7c8cbedd50b1613c0fccacfc7d88dfcdf
  subpackages:
  - unix
- name: gopkg.in/alecthomas/kingpin.v2
  version: 947dcec5ba9c011838740e680966fd7087a71d0d
- name: gopkg.in/yaml.v2
  version: 51d6538a90f86fe93ac480b35f37b2be17fef232
testImports: []
