
Microsoft Visual Studio Solution File, Format Version 12.00
# Visual Studio 15
VisualStudioVersion = 15.0.28307.168
MinimumVisualStudioVersion = 10.0.40219.1
Project("{9A19103F-16F7-4668-BE54-9A1E7A4F7556}") = "rabbit", "rabbit.csproj", "{90B4FDB4-DE07-48CC-B61E-CB49223C02D8}"
EndProject
Global
	GlobalSection(SolutionConfigurationPlatforms) = preSolution
		Debug|Any CPU = Debug|Any CPU
		Release|Any CPU = Release|Any CPU
	EndGlobalSection
	GlobalSection(ProjectConfigurationPlatforms) = postSolution
		{90B4FDB4-DE07-48CC-B61E-CB49223C02D8}.Debug|Any CPU.ActiveCfg = Debug|Any CPU
		{90B4FDB4-DE07-48CC-B61E-CB49223C02D8}.Debug|Any CPU.Build.0 = Debug|Any CPU
		{90B4FDB4-DE07-48CC-B61E-CB49223C02D8}.Release|Any CPU.ActiveCfg = Release|Any CPU
		{90B4FDB4-DE07-48CC-B61E-CB49223C02D8}.Release|Any CPU.Build.0 = Release|Any CPU
	EndGlobalSection
	GlobalSection(SolutionProperties) = preSolution
		HideSolutionNode = FALSE
	EndGlobalSection
	GlobalSection(ExtensibilityGlobals) = postSolution
		SolutionGuid = {2D9009C7-61D3-4921-8B4D-FDC22B7A4FB7}
	EndGlobalSection
EndGlobal
